
Microsoft Visual Studio Solution File, Format Version 12.00
# Visual Studio Version 16
VisualStudioVersion = 16.0.28803.156
MinimumVisualStudioVersion = 10.0.40219.1
Project("{2150E333-8FDC-42A3-9474-1A3956D46DE8}") = "Unit Tests", "Unit Tests", "{2A1223BB-CD2D-4470-A309-F4E85174E997}"
EndProject
Project("{2150E333-8FDC-42A3-9474-1A3956D46DE8}") = "Class Libraries", "Class Libraries", "{F2306309-E114-467F-8243-C191D6A62F8E}"
EndProject
Project("{2150E333-8FDC-42A3-9474-1A3956D46DE8}") = "Applications", "Applications", "{E5EF4E31-8C8D-4427-A4CE-219980168507}"
EndProject
Project("{FAE04EC0-301F-11D3-BF4B-00C04F79EFBC}") = "Lyzard.Core", "Lyzard.Core\Lyzard.Core.csproj", "{4DDE0941-3567-40EF-9373-2A1F02695327}"
EndProject
Project("{FAE04EC0-301F-11D3-BF4B-00C04F79EFBC}") = "Lyzard.TestConsole", "Lyzard.TestConsole\Lyzard.TestConsole.csproj", "{E52D4369-5D5B-45BD-9CDD-FF08E5D356EA}"
EndProject
Project("{FAE04EC0-301F-11D3-BF4B-00C04F79EFBC}") = "Lyzard.Compiler", "Lyzard.Compiler\Lyzard.Compiler.csproj", "{17EDC774-3293-4270-9D94-450F80B25504}"
EndProject
Project("{FAE04EC0-301F-11D3-BF4B-00C04F79EFBC}") = "Lyzard.Executive", "Lyzard.Executive\Lyzard.Executive.csproj", "{6353B145-57C3-4D16-BD7F-8B29D2FDA386}"
EndProject
Project("{FAE04EC0-301F-11D3-BF4B-00C04F79EFBC}") = "Lyzard.Interfaces", "Lyzard.Interfaces\Lyzard.Interfaces.csproj", "{242DF884-D9F1-4B8D-891B-56D973CBB1D4}"
EndProject
Project("{FAE04EC0-301F-11D3-BF4B-00C04F79EFBC}") = "Lyzard.PluginFramework", "Lyzard.PluginFramework\Lyzard.PluginFramework.csproj", "{0B6A580A-FC50-4F97-A652-E89BEA5CC68A}"
EndProject
Project("{FAE04EC0-301F-11D3-BF4B-00C04F79EFBC}") = "Lyzard.Utilities", "Lyzard.Utilities\Lyzard.Utilities.csproj", "{5F586DDB-CDF7-47B0-A6CF-B1105FFC177F}"
EndProject
Project("{FAE04EC0-301F-11D3-BF4B-00C04F79EFBC}") = "Lyzard.MessageBus", "Lyzard.MessageBus\Lyzard.MessageBus.csproj", "{8E731891-6390-42C7-9A5B-9D5AE408805F}"
EndProject
Project("{FAE04EC0-301F-11D3-BF4B-00C04F79EFBC}") = "Lyzard.FileSystem", "Lyzard.FileSystem\Lyzard.FileSystem.csproj", "{7AC24E59-0F41-496E-B9EA-BF6C2C51724D}"
EndProject
Project("{FAE04EC0-301F-11D3-BF4B-00C04F79EFBC}") = "Lyzard.IDE", "Lyzard.IDE\Lyzard.IDE.csproj", "{F10700B9-3243-4E28-9360-B3D3B777BA20}"
EndProject
Project("{FAE04EC0-301F-11D3-BF4B-00C04F79EFBC}") = "Lyzard.CustomControls", "Lyzard.CustomControls\Lyzard.CustomControls.csproj", "{E84C9051-20B8-458D-AB9E-92690D32E571}"
EndProject
Project("{FAE04EC0-301F-11D3-BF4B-00C04F79EFBC}") = "Lyzard.ProjectManager", "Lyzard.ProjectManager\Lyzard.ProjectManager.csproj", "{A3A0407F-890A-4F60-85D8-9E02B2389117}"
EndProject
Project("{FAE04EC0-301F-11D3-BF4B-00C04F79EFBC}") = "Lyzard.Config", "Lyzard.Config\Lyzard.Config.csproj", "{1269A2D2-4FE0-461A-BB9F-9CAF7738A6C7}"
EndProject
Project("{54435603-DBB4-11D2-8724-00A0C9A8B90C}") = "Lyzard.Setup", "Lyzard.Setup\Lyzard.Setup.vdproj", "{B68717C1-318E-46D6-B840-4E9CB2230F90}"
EndProject
Project("{2150E333-8FDC-42A3-9474-1A3956D46DE8}") = "Inbstallers", "Inbstallers", "{D5ACA8EE-2F20-406B-8063-81843A983A4E}"
EndProject
Project("{FAE04EC0-301F-11D3-BF4B-00C04F79EFBC}") = "Lyzard.Collections", "Lyzard.Collections\Lyzard.Collections.csproj", "{871BB41F-336D-4FA1-A90B-223457E5CDC0}"
EndProject
Project("{FAE04EC0-301F-11D3-BF4B-00C04F79EFBC}") = "Lyzard.Simulation", "Lyzard.Simulation\Lyzard.Simulation.csproj", "{E4C5502B-C0AE-4357-86E1-E5E48FCA38AA}"
EndProject
Project("{FAE04EC0-301F-11D3-BF4B-00C04F79EFBC}") = "Lyzard.AppDominaControl", "Lyzard.AppDominaControl\Lyzard.AppDominaControl.csproj", "{E74F74F1-74D8-46E5-9EA1-156AB6DB7AAF}"
EndProject
Global
	GlobalSection(SolutionConfigurationPlatforms) = preSolution
		Debug|Any CPU = Debug|Any CPU
		Release|Any CPU = Release|Any CPU
	EndGlobalSection
	GlobalSection(ProjectConfigurationPlatforms) = postSolution
		{4DDE0941-3567-40EF-9373-2A1F02695327}.Debug|Any CPU.ActiveCfg = Debug|Any CPU
		{4DDE0941-3567-40EF-9373-2A1F02695327}.Debug|Any CPU.Build.0 = Debug|Any CPU
		{4DDE0941-3567-40EF-9373-2A1F02695327}.Release|Any CPU.ActiveCfg = Release|Any CPU
		{4DDE0941-3567-40EF-9373-2A1F02695327}.Release|Any CPU.Build.0 = Release|Any CPU
		{E52D4369-5D5B-45BD-9CDD-FF08E5D356EA}.Debug|Any CPU.ActiveCfg = Debug|Any CPU
		{E52D4369-5D5B-45BD-9CDD-FF08E5D356EA}.Debug|Any CPU.Build.0 = Debug|Any CPU
		{E52D4369-5D5B-45BD-9CDD-FF08E5D356EA}.Release|Any CPU.ActiveCfg = Release|Any CPU
		{E52D4369-5D5B-45BD-9CDD-FF08E5D356EA}.Release|Any CPU.Build.0 = Release|Any CPU
		{17EDC774-3293-4270-9D94-450F80B25504}.Debug|Any CPU.ActiveCfg = Debug|Any CPU
		{17EDC774-3293-4270-9D94-450F80B25504}.Debug|Any CPU.Build.0 = Debug|Any CPU
		{17EDC774-3293-4270-9D94-450F80B25504}.Release|Any CPU.ActiveCfg = Release|Any CPU
		{17EDC774-3293-4270-9D94-450F80B25504}.Release|Any CPU.Build.0 = Release|Any CPU
		{6353B145-57C3-4D16-BD7F-8B29D2FDA386}.Debug|Any CPU.ActiveCfg = Debug|Any CPU
		{6353B145-57C3-4D16-BD7F-8B29D2FDA386}.Debug|Any CPU.Build.0 = Debug|Any CPU
		{6353B145-57C3-4D16-BD7F-8B29D2FDA386}.Release|Any CPU.ActiveCfg = Release|Any CPU
		{6353B145-57C3-4D16-BD7F-8B29D2FDA386}.Release|Any CPU.Build.0 = Release|Any CPU
		{242DF884-D9F1-4B8D-891B-56D973CBB1D4}.Debug|Any CPU.ActiveCfg = Debug|Any CPU
		{242DF884-D9F1-4B8D-891B-56D973CBB1D4}.Debug|Any CPU.Build.0 = Debug|Any CPU
		{242DF884-D9F1-4B8D-891B-56D973CBB1D4}.Release|Any CPU.ActiveCfg = Release|Any CPU
		{242DF884-D9F1-4B8D-891B-56D973CBB1D4}.Release|Any CPU.Build.0 = Release|Any CPU
		{0B6A580A-FC50-4F97-A652-E89BEA5CC68A}.Debug|Any CPU.ActiveCfg = Debug|Any CPU
		{0B6A580A-FC50-4F97-A652-E89BEA5CC68A}.Debug|Any CPU.Build.0 = Debug|Any CPU
		{0B6A580A-FC50-4F97-A652-E89BEA5CC68A}.Release|Any CPU.ActiveCfg = Release|Any CPU
		{0B6A580A-FC50-4F97-A652-E89BEA5CC68A}.Release|Any CPU.Build.0 = Release|Any CPU
		{5F586DDB-CDF7-47B0-A6CF-B1105FFC177F}.Debug|Any CPU.ActiveCfg = Debug|Any CPU
		{5F586DDB-CDF7-47B0-A6CF-B1105FFC177F}.Debug|Any CPU.Build.0 = Debug|Any CPU
		{5F586DDB-CDF7-47B0-A6CF-B1105FFC177F}.Release|Any CPU.ActiveCfg = Release|Any CPU
		{5F586DDB-CDF7-47B0-A6CF-B1105FFC177F}.Release|Any CPU.Build.0 = Release|Any CPU
		{8E731891-6390-42C7-9A5B-9D5AE408805F}.Debug|Any CPU.ActiveCfg = Debug|Any CPU
		{8E731891-6390-42C7-9A5B-9D5AE408805F}.Debug|Any CPU.Build.0 = Debug|Any CPU
		{8E731891-6390-42C7-9A5B-9D5AE408805F}.Release|Any CPU.ActiveCfg = Release|Any CPU
		{8E731891-6390-42C7-9A5B-9D5AE408805F}.Release|Any CPU.Build.0 = Release|Any CPU
		{7AC24E59-0F41-496E-B9EA-BF6C2C51724D}.Debug|Any CPU.ActiveCfg = Debug|Any CPU
		{7AC24E59-0F41-496E-B9EA-BF6C2C51724D}.Debug|Any CPU.Build.0 = Debug|Any CPU
		{7AC24E59-0F41-496E-B9EA-BF6C2C51724D}.Release|Any CPU.ActiveCfg = Release|Any CPU
		{7AC24E59-0F41-496E-B9EA-BF6C2C51724D}.Release|Any CPU.Build.0 = Release|Any CPU
		{F10700B9-3243-4E28-9360-B3D3B777BA20}.Debug|Any CPU.ActiveCfg = Debug|Any CPU
		{F10700B9-3243-4E28-9360-B3D3B777BA20}.Debug|Any CPU.Build.0 = Debug|Any CPU
		{F10700B9-3243-4E28-9360-B3D3B777BA20}.Release|Any CPU.ActiveCfg = Release|Any CPU
		{F10700B9-3243-4E28-9360-B3D3B777BA20}.Release|Any CPU.Build.0 = Release|Any CPU
		{E84C9051-20B8-458D-AB9E-92690D32E571}.Debug|Any CPU.ActiveCfg = Debug|Any CPU
		{E84C9051-20B8-458D-AB9E-92690D32E571}.Debug|Any CPU.Build.0 = Debug|Any CPU
		{E84C9051-20B8-458D-AB9E-92690D32E571}.Release|Any CPU.ActiveCfg = Release|Any CPU
		{E84C9051-20B8-458D-AB9E-92690D32E571}.Release|Any CPU.Build.0 = Release|Any CPU
		{A3A0407F-890A-4F60-85D8-9E02B2389117}.Debug|Any CPU.ActiveCfg = Debug|Any CPU
		{A3A0407F-890A-4F60-85D8-9E02B2389117}.Debug|Any CPU.Build.0 = Debug|Any CPU
		{A3A0407F-890A-4F60-85D8-9E02B2389117}.Release|Any CPU.ActiveCfg = Release|Any CPU
		{A3A0407F-890A-4F60-85D8-9E02B2389117}.Release|Any CPU.Build.0 = Release|Any CPU
		{1269A2D2-4FE0-461A-BB9F-9CAF7738A6C7}.Debug|Any CPU.ActiveCfg = Debug|Any CPU
		{1269A2D2-4FE0-461A-BB9F-9CAF7738A6C7}.Debug|Any CPU.Build.0 = Debug|Any CPU
		{1269A2D2-4FE0-461A-BB9F-9CAF7738A6C7}.Release|Any CPU.ActiveCfg = Release|Any CPU
		{1269A2D2-4FE0-461A-BB9F-9CAF7738A6C7}.Release|Any CPU.Build.0 = Release|Any CPU
		{B68717C1-318E-46D6-B840-4E9CB2230F90}.Debug|Any CPU.ActiveCfg = Debug
		{B68717C1-318E-46D6-B840-4E9CB2230F90}.Release|Any CPU.ActiveCfg = Release
		{871BB41F-336D-4FA1-A90B-223457E5CDC0}.Debug|Any CPU.ActiveCfg = Debug|Any CPU
		{871BB41F-336D-4FA1-A90B-223457E5CDC0}.Debug|Any CPU.Build.0 = Debug|Any CPU
		{871BB41F-336D-4FA1-A90B-223457E5CDC0}.Release|Any CPU.ActiveCfg = Release|Any CPU
		{871BB41F-336D-4FA1-A90B-223457E5CDC0}.Release|Any CPU.Build.0 = Release|Any CPU
		{E4C5502B-C0AE-4357-86E1-E5E48FCA38AA}.Debug|Any CPU.ActiveCfg = Debug|Any CPU
		{E4C5502B-C0AE-4357-86E1-E5E48FCA38AA}.Debug|Any CPU.Build.0 = Debug|Any CPU
		{E4C5502B-C0AE-4357-86E1-E5E48FCA38AA}.Release|Any CPU.ActiveCfg = Release|Any CPU
		{E4C5502B-C0AE-4357-86E1-E5E48FCA38AA}.Release|Any CPU.Build.0 = Release|Any CPU
		{E74F74F1-74D8-46E5-9EA1-156AB6DB7AAF}.Debug|Any CPU.ActiveCfg = Debug|Any CPU
		{E74F74F1-74D8-46E5-9EA1-156AB6DB7AAF}.Debug|Any CPU.Build.0 = Debug|Any CPU
		{E74F74F1-74D8-46E5-9EA1-156AB6DB7AAF}.Release|Any CPU.ActiveCfg = Release|Any CPU
		{E74F74F1-74D8-46E5-9EA1-156AB6DB7AAF}.Release|Any CPU.Build.0 = Release|Any CPU
	EndGlobalSection
	GlobalSection(SolutionProperties) = preSolution
		HideSolutionNode = FALSE
	EndGlobalSection
	GlobalSection(NestedProjects) = preSolution
		{4DDE0941-3567-40EF-9373-2A1F02695327} = {F2306309-E114-467F-8243-C191D6A62F8E}
		{E52D4369-5D5B-45BD-9CDD-FF08E5D356EA} = {2A1223BB-CD2D-4470-A309-F4E85174E997}
		{17EDC774-3293-4270-9D94-450F80B25504} = {F2306309-E114-467F-8243-C191D6A62F8E}
		{6353B145-57C3-4D16-BD7F-8B29D2FDA386} = {F2306309-E114-467F-8243-C191D6A62F8E}
		{242DF884-D9F1-4B8D-891B-56D973CBB1D4} = {F2306309-E114-467F-8243-C191D6A62F8E}
		{0B6A580A-FC50-4F97-A652-E89BEA5CC68A} = {F2306309-E114-467F-8243-C191D6A62F8E}
		{5F586DDB-CDF7-47B0-A6CF-B1105FFC177F} = {F2306309-E114-467F-8243-C191D6A62F8E}
		{8E731891-6390-42C7-9A5B-9D5AE408805F} = {F2306309-E114-467F-8243-C191D6A62F8E}
		{7AC24E59-0F41-496E-B9EA-BF6C2C51724D} = {F2306309-E114-467F-8243-C191D6A62F8E}
		{F10700B9-3243-4E28-9360-B3D3B777BA20} = {E5EF4E31-8C8D-4427-A4CE-219980168507}
		{E84C9051-20B8-458D-AB9E-92690D32E571} = {F2306309-E114-467F-8243-C191D6A62F8E}
		{A3A0407F-890A-4F60-85D8-9E02B2389117} = {F2306309-E114-467F-8243-C191D6A62F8E}
		{1269A2D2-4FE0-461A-BB9F-9CAF7738A6C7} = {F2306309-E114-467F-8243-C191D6A62F8E}
		{B68717C1-318E-46D6-B840-4E9CB2230F90} = {D5ACA8EE-2F20-406B-8063-81843A983A4E}
		{871BB41F-336D-4FA1-A90B-223457E5CDC0} = {F2306309-E114-467F-8243-C191D6A62F8E}
		{E4C5502B-C0AE-4357-86E1-E5E48FCA38AA} = {F2306309-E114-467F-8243-C191D6A62F8E}
		{E74F74F1-74D8-46E5-9EA1-156AB6DB7AAF} = {F2306309-E114-467F-8243-C191D6A62F8E}
	EndGlobalSection
	GlobalSection(ExtensibilityGlobals) = postSolution
		SolutionGuid = {AE90B002-DEBC-4C09-A6E4-E8CB054DA0DF}
	EndGlobalSection
EndGlobal
